
Microsoft Visual Studio Solution File, Format Version 12.00
# Visual Studio Version 17
VisualStudioVersion = 17.10.35013.160
MinimumVisualStudioVersion = 10.0.40219.1
Project("{FAE04EC0-301F-11D3-BF4B-00C04F79EFBC}") = "Project1", "Project1\Project1.csproj", "{5FB9DE42-D758-420F-8BAC-895EABAC16D3}"
EndProject
Global
	GlobalSection(SolutionConfigurationPlatforms) = preSolution
		Debug|Any CPU = Debug|Any CPU
		Release|Any CPU = Release|Any CPU
	EndGlobalSection
	GlobalSection(ProjectConfigurationPlatforms) = postSolution
		{5FB9DE42-D758-420F-8BAC-895EABAC16D3}.Debug|Any CPU.ActiveCfg = Debug|Any CPU
		{5FB9DE42-D758-420F-8BAC-895EABAC16D3}.Debug|Any CPU.Build.0 = Debug|Any CPU
		{5FB9DE42-D758-420F-8BAC-895EABAC16D3}.Release|Any CPU.ActiveCfg = Release|Any CPU
		{5FB9DE42-D758-420F-8BAC-895EABAC16D3}.Release|Any CPU.Build.0 = Release|Any CPU
	EndGlobalSection
	GlobalSection(SolutionProperties) = preSolution
		HideSolutionNode = FALSE
	EndGlobalSection
	GlobalSection(ExtensibilityGlobals) = postSolution
		SolutionGuid = {E0E9AA6E-43AB-402A-821D-24DF2D4C4B3E}
	EndGlobalSection
EndGlobal
